// !$*UTF8*$!
{
	archiveVersion = 1;
	classes = {
	};
	objectVersion = 56;
	objects = {

/* Begin PBXBuildFile section */
		80A89A8628F439CE002BD0C2 /* AppDelegate.swift in Sources */ = {isa = PBXBuildFile; fileRef = 80A89A8528F439CE002BD0C2 /* AppDelegate.swift */; };
		80A89A8828F439CE002BD0C2 /* SceneDelegate.swift in Sources */ = {isa = PBXBuildFile; fileRef = 80A89A8728F439CE002BD0C2 /* SceneDelegate.swift */; };
		80A89A8A28F439CE002BD0C2 /* ViewController.swift in Sources */ = {isa = PBXBuildFile; fileRef = 80A89A8928F439CE002BD0C2 /* ViewController.swift */; };
		80A89A8D28F439CE002BD0C2 /* Main.storyboard in Resources */ = {isa = PBXBuildFile; fileRef = 80A89A8B28F439CE002BD0C2 /* Main.storyboard */; };
		80A89A8F28F439CE002BD0C2 /* Assets.xcassets in Resources */ = {isa = PBXBuildFile; fileRef = 80A89A8E28F439CE002BD0C2 /* Assets.xcassets */; };
		80A89A9228F439CE002BD0C2 /* LaunchScreen.storyboard in Resources */ = {isa = PBXBuildFile; fileRef = 80A89A9028F439CE002BD0C2 /* LaunchScreen.storyboard */; };
		80A89A9D28F439CE002BD0C2 /* iOS_TutorialTests.swift in Sources */ = {isa = PBXBuildFile; fileRef = 80A89A9C28F439CE002BD0C2 /* iOS_TutorialTests.swift */; };
		80A89AA728F439CE002BD0C2 /* iOS_TutorialUITests.swift in Sources */ = {isa = PBXBuildFile; fileRef = 80A89AA628F439CE002BD0C2 /* iOS_TutorialUITests.swift */; };
		80A89AA928F439CE002BD0C2 /* iOS_TutorialUITestsLaunchTests.swift in Sources */ = {isa = PBXBuildFile; fileRef = 80A89AA828F439CE002BD0C2 /* iOS_TutorialUITestsLaunchTests.swift */; };
/* End PBXBuildFile section */

/* Begin PBXContainerItemProxy section */
		80A89A9928F439CE002BD0C2 /* PBXContainerItemProxy */ = {
			isa = PBXContainerItemProxy;
			containerPortal = 80A89A7A28F439CE002BD0C2 /* Project object */;
			proxyType = 1;
			remoteGlobalIDString = 80A89A8128F439CE002BD0C2;
			remoteInfo = "iOS Tutorial";
		};
		80A89AA328F439CE002BD0C2 /* PBXContainerItemProxy */ = {
			isa = PBXContainerItemProxy;
			containerPortal = 80A89A7A28F439CE002BD0C2 /* Project object */;
			proxyType = 1;
			remoteGlobalIDString = 80A89A8128F439CE002BD0C2;
			remoteInfo = "iOS Tutorial";
		};
/* End PBXContainerItemProxy section */

/* Begin PBXFileReference section */
		80A89A8228F439CE002BD0C2 /* iOS Tutorial.app */ = {isa = PBXFileReference; explicitFileType = wrapper.application; includeInIndex = 0; path = "iOS Tutorial.app"; sourceTree = BUILT_PRODUCTS_DIR; };
		80A89A8528F439CE002BD0C2 /* AppDelegate.swift */ = {isa = PBXFileReference; lastKnownFileType = sourcecode.swift; path = AppDelegate.swift; sourceTree = "<group>"; };
		80A89A8728F439CE002BD0C2 /* SceneDelegate.swift */ = {isa = PBXFileReference; lastKnownFileType = sourcecode.swift; path = SceneDelegate.swift; sourceTree = "<group>"; };
		80A89A8928F439CE002BD0C2 /* ViewController.swift */ = {isa = PBXFileReference; lastKnownFileType = sourcecode.swift; path = ViewController.swift; sourceTree = "<group>"; };
		80A89A8C28F439CE002BD0C2 /* Base */ = {isa = PBXFileReference; lastKnownFileType = file.storyboard; name = Base; path = Base.lproj/Main.storyboard; sourceTree = "<group>"; };
		80A89A8E28F439CE002BD0C2 /* Assets.xcassets */ = {isa = PBXFileReference; lastKnownFileType = folder.assetcatalog; path = Assets.xcassets; sourceTree = "<group>"; };
		80A89A9128F439CE002BD0C2 /* Base */ = {isa = PBXFileReference; lastKnownFileType = file.storyboard; name = Base; path = Base.lproj/LaunchScreen.storyboard; sourceTree = "<group>"; };
		80A89A9328F439CE002BD0C2 /* Info.plist */ = {isa = PBXFileReference; lastKnownFileType = text.plist.xml; path = Info.plist; sourceTree = "<group>"; };
		80A89A9828F439CE002BD0C2 /* iOS TutorialTests.xctest */ = {isa = PBXFileReference; explicitFileType = wrapper.cfbundle; includeInIndex = 0; path = "iOS TutorialTests.xctest"; sourceTree = BUILT_PRODUCTS_DIR; };
		80A89A9C28F439CE002BD0C2 /* iOS_TutorialTests.swift */ = {isa = PBXFileReference; lastKnownFileType = sourcecode.swift; path = iOS_TutorialTests.swift; sourceTree = "<group>"; };
		80A89AA228F439CE002BD0C2 /* iOS TutorialUITests.xctest */ = {isa = PBXFileReference; explicitFileType = wrapper.cfbundle; includeInIndex = 0; path = "iOS TutorialUITests.xctest"; sourceTree = BUILT_PRODUCTS_DIR; };
		80A89AA628F439CE002BD0C2 /* iOS_TutorialUITests.swift */ = {isa = PBXFileReference; lastKnownFileType = sourcecode.swift; path = iOS_TutorialUITests.swift; sourceTree = "<group>"; };
		80A89AA828F439CE002BD0C2 /* iOS_TutorialUITestsLaunchTests.swift */ = {isa = PBXFileReference; lastKnownFileType = sourcecode.swift; path = iOS_TutorialUITestsLaunchTests.swift; sourceTree = "<group>"; };
/* End PBXFileReference section */

/* Begin PBXFrameworksBuildPhase section */
		80A89A7F28F439CE002BD0C2 /* Frameworks */ = {
			isa = PBXFrameworksBuildPhase;
			buildActionMask = 2147483647;
			files = (
			);
			runOnlyForDeploymentPostprocessing = 0;
		};
		80A89A9528F439CE002BD0C2 /* Frameworks */ = {
			isa = PBXFrameworksBuildPhase;
			buildActionMask = 2147483647;
			files = (
			);
			runOnlyForDeploymentPostprocessing = 0;
		};
		80A89A9F28F439CE002BD0C2 /* Frameworks */ = {
			isa = PBXFrameworksBuildPhase;
			buildActionMask = 2147483647;
			files = (
			);
			runOnlyForDeploymentPostprocessing = 0;
		};
/* End PBXFrameworksBuildPhase section */

/* Begin PBXGroup section */
		80A89A7928F439CE002BD0C2 = {
			isa = PBXGroup;
			children = (
				80A89A8428F439CE002BD0C2 /* iOS Tutorial */,
				80A89A9B28F439CE002BD0C2 /* iOS TutorialTests */,
				80A89AA528F439CE002BD0C2 /* iOS TutorialUITests */,
				80A89A8328F439CE002BD0C2 /* Products */,
			);
			sourceTree = "<group>";
		};
		80A89A8328F439CE002BD0C2 /* Products */ = {
			isa = PBXGroup;
			children = (
				80A89A8228F439CE002BD0C2 /* iOS Tutorial.app */,
				80A89A9828F439CE002BD0C2 /* iOS TutorialTests.xctest */,
				80A89AA228F439CE002BD0C2 /* iOS TutorialUITests.xctest */,
			);
			name = Products;
			sourceTree = "<group>";
		};
		80A89A8428F439CE002BD0C2 /* iOS Tutorial */ = {
			isa = PBXGroup;
			children = (
				80A89A8528F439CE002BD0C2 /* AppDelegate.swift */,
				80A89A8728F439CE002BD0C2 /* SceneDelegate.swift */,
				80A89A8928F439CE002BD0C2 /* ViewController.swift */,
				80A89A8B28F439CE002BD0C2 /* Main.storyboard */,
				80A89A8E28F439CE002BD0C2 /* Assets.xcassets */,
				80A89A9028F439CE002BD0C2 /* LaunchScreen.storyboard */,
				80A89A9328F439CE002BD0C2 /* Info.plist */,
			);
			path = "iOS Tutorial";
			sourceTree = "<group>";
		};
		80A89A9B28F439CE002BD0C2 /* iOS TutorialTests */ = {
			isa = PBXGroup;
			children = (
				80A89A9C28F439CE002BD0C2 /* iOS_TutorialTests.swift */,
			);
			path = "iOS TutorialTests";
			sourceTree = "<group>";
		};
		80A89AA528F439CE002BD0C2 /* iOS TutorialUITests */ = {
			isa = PBXGroup;
			children = (
				80A89AA628F439CE002BD0C2 /* iOS_TutorialUITests.swift */,
				80A89AA828F439CE002BD0C2 /* iOS_TutorialUITestsLaunchTests.swift */,
			);
			path = "iOS TutorialUITests";
			sourceTree = "<group>";
		};
/* End PBXGroup section */

/* Begin PBXNativeTarget section */
		80A89A8128F439CE002BD0C2 /* iOS Tutorial */ = {
			isa = PBXNativeTarget;
			buildConfigurationList = 80A89AAC28F439CE002BD0C2 /* Build configuration list for PBXNativeTarget "iOS Tutorial" */;
			buildPhases = (
				80A89A7E28F439CE002BD0C2 /* Sources */,
				80A89A7F28F439CE002BD0C2 /* Frameworks */,
				80A89A8028F439CE002BD0C2 /* Resources */,
			);
			buildRules = (
			);
			dependencies = (
			);
			name = "iOS Tutorial";
			productName = "iOS Tutorial";
			productReference = 80A89A8228F439CE002BD0C2 /* iOS Tutorial.app */;
			productType = "com.apple.product-type.application";
		};
		80A89A9728F439CE002BD0C2 /* iOS TutorialTests */ = {
			isa = PBXNativeTarget;
			buildConfigurationList = 80A89AAF28F439CE002BD0C2 /* Build configuration list for PBXNativeTarget "iOS TutorialTests" */;
			buildPhases = (
				80A89A9428F439CE002BD0C2 /* Sources */,
				80A89A9528F439CE002BD0C2 /* Frameworks */,
				80A89A9628F439CE002BD0C2 /* Resources */,
			);
			buildRules = (
			);
			dependencies = (
				80A89A9A28F439CE002BD0C2 /* PBXTargetDependency */,
			);
			name = "iOS TutorialTests";
			productName = "iOS TutorialTests";
			productReference = 80A89A9828F439CE002BD0C2 /* iOS TutorialTests.xctest */;
			productType = "com.apple.product-type.bundle.unit-test";
		};
		80A89AA128F439CE002BD0C2 /* iOS TutorialUITests */ = {
			isa = PBXNativeTarget;
			buildConfigurationList = 80A89AB228F439CE002BD0C2 /* Build configuration list for PBXNativeTarget "iOS TutorialUITests" */;
			buildPhases = (
				80A89A9E28F439CE002BD0C2 /* Sources */,
				80A89A9F28F439CE002BD0C2 /* Frameworks */,
				80A89AA028F439CE002BD0C2 /* Resources */,
			);
			buildRules = (
			);
			dependencies = (
				80A89AA428F439CE002BD0C2 /* PBXTargetDependency */,
			);
			name = "iOS TutorialUITests";
			productName = "iOS TutorialUITests";
			productReference = 80A89AA228F439CE002BD0C2 /* iOS TutorialUITests.xctest */;
			productType = "com.apple.product-type.bundle.ui-testing";
		};
/* End PBXNativeTarget section */

/* Begin PBXProject section */
		80A89A7A28F439CE002BD0C2 /* Project object */ = {
			isa = PBXProject;
			attributes = {
				BuildIndependentTargetsInParallel = 1;
				LastSwiftUpdateCheck = 1400;
				LastUpgradeCheck = 1400;
				TargetAttributes = {
					80A89A8128F439CE002BD0C2 = {
						CreatedOnToolsVersion = 14.0.1;
					};
					80A89A9728F439CE002BD0C2 = {
						CreatedOnToolsVersion = 14.0.1;
						TestTargetID = 80A89A8128F439CE002BD0C2;
					};
					80A89AA128F439CE002BD0C2 = {
						CreatedOnToolsVersion = 14.0.1;
						TestTargetID = 80A89A8128F439CE002BD0C2;
					};
				};
			};
			buildConfigurationList = 80A89A7D28F439CE002BD0C2 /* Build configuration list for PBXProject "iOS Tutorial" */;
			compatibilityVersion = "Xcode 14.0";
			developmentRegion = en;
			hasScannedForEncodings = 0;
			knownRegions = (
				en,
				Base,
			);
			mainGroup = 80A89A7928F439CE002BD0C2;
			productRefGroup = 80A89A8328F439CE002BD0C2 /* Products */;
			projectDirPath = "";
			projectRoot = "";
			targets = (
				80A89A8128F439CE002BD0C2 /* iOS Tutorial */,
				80A89A9728F439CE002BD0C2 /* iOS TutorialTests */,
				80A89AA128F439CE002BD0C2 /* iOS TutorialUITests */,
			);
		};
/* End PBXProject section */

/* Begin PBXResourcesBuildPhase section */
		80A89A8028F439CE002BD0C2 /* Resources */ = {
			isa = PBXResourcesBuildPhase;
			buildActionMask = 2147483647;
			files = (
				80A89A9228F439CE002BD0C2 /* LaunchScreen.storyboard in Resources */,
				80A89A8F28F439CE002BD0C2 /* Assets.xcassets in Resources */,
				80A89A8D28F439CE002BD0C2 /* Main.storyboard in Resources */,
			);
			runOnlyForDeploymentPostprocessing = 0;
		};
		80A89A9628F439CE002BD0C2 /* Resources */ = {
			isa = PBXResourcesBuildPhase;
			buildActionMask = 2147483647;
			files = (
			);
			runOnlyForDeploymentPostprocessing = 0;
		};
		80A89AA028F439CE002BD0C2 /* Resources */ = {
			isa = PBXResourcesBuildPhase;
			buildActionMask = 2147483647;
			files = (
			);
			runOnlyForDeploymentPostprocessing = 0;
		};
/* End PBXResourcesBuildPhase section */

/* Begin PBXSourcesBuildPhase section */
		80A89A7E28F439CE002BD0C2 /* Sources */ = {
			isa = PBXSourcesBuildPhase;
			buildActionMask = 2147483647;
			files = (
				80A89A8A28F439CE002BD0C2 /* ViewController.swift in Sources */,
				80A89A8628F439CE002BD0C2 /* AppDelegate.swift in Sources */,
				80A89A8828F439CE002BD0C2 /* SceneDelegate.swift in Sources */,
			);
			runOnlyForDeploymentPostprocessing = 0;
		};
		80A89A9428F439CE002BD0C2 /* Sources */ = {
			isa = PBXSourcesBuildPhase;
			buildActionMask = 2147483647;
			files = (
				80A89A9D28F439CE002BD0C2 /* iOS_TutorialTests.swift in Sources */,
			);
			runOnlyForDeploymentPostprocessing = 0;
		};
		80A89A9E28F439CE002BD0C2 /* Sources */ = {
			isa = PBXSourcesBuildPhase;
			buildActionMask = 2147483647;
			files = (
				80A89AA928F439CE002BD0C2 /* iOS_TutorialUITestsLaunchTests.swift in Sources */,
				80A89AA728F439CE002BD0C2 /* iOS_TutorialUITests.swift in Sources */,
			);
			runOnlyForDeploymentPostprocessing = 0;
		};
/* End PBXSourcesBuildPhase section */

/* Begin PBXTargetDependency section */
		80A89A9A28F439CE002BD0C2 /* PBXTargetDependency */ = {
			isa = PBXTargetDependency;
			target = 80A89A8128F439CE002BD0C2 /* iOS Tutorial */;
			targetProxy = 80A89A9928F439CE002BD0C2 /* PBXContainerItemProxy */;
		};
		80A89AA428F439CE002BD0C2 /* PBXTargetDependency */ = {
			isa = PBXTargetDependency;
			target = 80A89A8128F439CE002BD0C2 /* iOS Tutorial */;
			targetProxy = 80A89AA328F439CE002BD0C2 /* PBXContainerItemProxy */;
		};
/* End PBXTargetDependency section */

/* Begin PBXVariantGroup section */
		80A89A8B28F439CE002BD0C2 /* Main.storyboard */ = {
			isa = PBXVariantGroup;
			children = (
				80A89A8C28F439CE002BD0C2 /* Base */,
			);
			name = Main.storyboard;
			sourceTree = "<group>";
		};
		80A89A9028F439CE002BD0C2 /* LaunchScreen.storyboard */ = {
			isa = PBXVariantGroup;
			children = (
				80A89A9128F439CE002BD0C2 /* Base */,
			);
			name = LaunchScreen.storyboard;
			sourceTree = "<group>";
		};
/* End PBXVariantGroup section */

/* Begin XCBuildConfiguration section */
		80A89AAA28F439CE002BD0C2 /* Debug */ = {
			isa = XCBuildConfiguration;
			buildSettings = {
				ALWAYS_SEARCH_USER_PATHS = NO;
				CLANG_ANALYZER_NONNULL = YES;
				CLANG_ANALYZER_NUMBER_OBJECT_CONVERSION = YES_AGGRESSIVE;
				CLANG_CXX_LANGUAGE_STANDARD = "gnu++20";
				CLANG_ENABLE_MODULES = YES;
				CLANG_ENABLE_OBJC_ARC = YES;
				CLANG_ENABLE_OBJC_WEAK = YES;
				CLANG_WARN_BLOCK_CAPTURE_AUTORELEASING = YES;
				CLANG_WARN_BOOL_CONVERSION = YES;
				CLANG_WARN_COMMA = YES;
				CLANG_WARN_CONSTANT_CONVERSION = YES;
				CLANG_WARN_DEPRECATED_OBJC_IMPLEMENTATIONS = YES;
				CLANG_WARN_DIRECT_OBJC_ISA_USAGE = YES_ERROR;
				CLANG_WARN_DOCUMENTATION_COMMENTS = YES;
				CLANG_WARN_EMPTY_BODY = YES;
				CLANG_WARN_ENUM_CONVERSION = YES;
				CLANG_WARN_INFINITE_RECURSION = YES;
				CLANG_WARN_INT_CONVERSION = YES;
				CLANG_WARN_NON_LITERAL_NULL_CONVERSION = YES;
				CLANG_WARN_OBJC_IMPLICIT_RETAIN_SELF = YES;
				CLANG_WARN_OBJC_LITERAL_CONVERSION = YES;
				CLANG_WARN_OBJC_ROOT_CLASS = YES_ERROR;
				CLANG_WARN_QUOTED_INCLUDE_IN_FRAMEWORK_HEADER = YES;
				CLANG_WARN_RANGE_LOOP_ANALYSIS = YES;
				CLANG_WARN_STRICT_PROTOTYPES = YES;
				CLANG_WARN_SUSPICIOUS_MOVE = YES;
				CLANG_WARN_UNGUARDED_AVAILABILITY = YES_AGGRESSIVE;
				CLANG_WARN_UNREACHABLE_CODE = YES;
				CLANG_WARN__DUPLICATE_METHOD_MATCH = YES;
				COPY_PHASE_STRIP = NO;
				DEBUG_INFORMATION_FORMAT = dwarf;
				ENABLE_STRICT_OBJC_MSGSEND = YES;
				ENABLE_TESTABILITY = YES;
				GCC_C_LANGUAGE_STANDARD = gnu11;
				GCC_DYNAMIC_NO_PIC = NO;
				GCC_NO_COMMON_BLOCKS = YES;
				GCC_OPTIMIZATION_LEVEL = 0;
				GCC_PREPROCESSOR_DEFINITIONS = (
					"DEBUG=1",
					"$(inherited)",
				);
				GCC_WARN_64_TO_32_BIT_CONVERSION = YES;
				GCC_WARN_ABOUT_RETURN_TYPE = YES_ERROR;
				GCC_WARN_UNDECLARED_SELECTOR = YES;
				GCC_WARN_UNINITIALIZED_AUTOS = YES_AGGRESSIVE;
				GCC_WARN_UNUSED_FUNCTION = YES;
				GCC_WARN_UNUSED_VARIABLE = YES;
				IPHONEOS_DEPLOYMENT_TARGET = 16.0;
				MTL_ENABLE_DEBUG_INFO = INCLUDE_SOURCE;
				MTL_FAST_MATH = YES;
				ONLY_ACTIVE_ARCH = YES;
				SDKROOT = iphoneos;
				SWIFT_ACTIVE_COMPILATION_CONDITIONS = DEBUG;
				SWIFT_OPTIMIZATION_LEVEL = "-Onone";
			};
			name = Debug;
		};
		80A89AAB28F439CE002BD0C2 /* Release */ = {
			isa = XCBuildConfiguration;
			buildSettings = {
				ALWAYS_SEARCH_USER_PATHS = NO;
				CLANG_ANALYZER_NONNULL = YES;
				CLANG_ANALYZER_NUMBER_OBJECT_CONVERSION = YES_AGGRESSIVE;
				CLANG_CXX_LANGUAGE_STANDARD = "gnu++20";
				CLANG_ENABLE_MODULES = YES;
				CLANG_ENABLE_OBJC_ARC = YES;
				CLANG_ENABLE_OBJC_WEAK = YES;
				CLANG_WARN_BLOCK_CAPTURE_AUTORELEASING = YES;
				CLANG_WARN_BOOL_CONVERSION = YES;
				CLANG_WARN_COMMA = YES;
				CLANG_WARN_CONSTANT_CONVERSION = YES;
				CLANG_WARN_DEPRECATED_OBJC_IMPLEMENTATIONS = YES;
				CLANG_WARN_DIRECT_OBJC_ISA_USAGE = YES_ERROR;
				CLANG_WARN_DOCUMENTATION_COMMENTS = YES;
				CLANG_WARN_EMPTY_BODY = YES;
				CLANG_WARN_ENUM_CONVERSION = YES;
				CLANG_WARN_INFINITE_RECURSION = YES;
				CLANG_WARN_INT_CONVERSION = YES;
				CLANG_WARN_NON_LITERAL_NULL_CONVERSION = YES;
				CLANG_WARN_OBJC_IMPLICIT_RETAIN_SELF = YES;
				CLANG_WARN_OBJC_LITERAL_CONVERSION = YES;
				CLANG_WARN_OBJC_ROOT_CLASS = YES_ERROR;
				CLANG_WARN_QUOTED_INCLUDE_IN_FRAMEWORK_HEADER = YES;
				CLANG_WARN_RANGE_LOOP_ANALYSIS = YES;
				CLANG_WARN_STRICT_PROTOTYPES = YES;
				CLANG_WARN_SUSPICIOUS_MOVE = YES;
				CLANG_WARN_UNGUARDED_AVAILABILITY = YES_AGGRESSIVE;
				CLANG_WARN_UNREACHABLE_CODE = YES;
				CLANG_WARN__DUPLICATE_METHOD_MATCH = YES;
				COPY_PHASE_STRIP = NO;
				DEBUG_INFORMATION_FORMAT = "dwarf-with-dsym";
				ENABLE_NS_ASSERTIONS = NO;
				ENABLE_STRICT_OBJC_MSGSEND = YES;
				GCC_C_LANGUAGE_STANDARD = gnu11;
				GCC_NO_COMMON_BLOCKS = YES;
				GCC_WARN_64_TO_32_BIT_CONVERSION = YES;
				GCC_WARN_ABOUT_RETURN_TYPE = YES_ERROR;
				GCC_WARN_UNDECLARED_SELECTOR = YES;
				GCC_WARN_UNINITIALIZED_AUTOS = YES_AGGRESSIVE;
				GCC_WARN_UNUSED_FUNCTION = YES;
				GCC_WARN_UNUSED_VARIABLE = YES;
				IPHONEOS_DEPLOYMENT_TARGET = 16.0;
				MTL_ENABLE_DEBUG_INFO = NO;
				MTL_FAST_MATH = YES;
				SDKROOT = iphoneos;
				SWIFT_COMPILATION_MODE = wholemodule;
				SWIFT_OPTIMIZATION_LEVEL = "-O";
				VALIDATE_PRODUCT = YES;
			};
			name = Release;
		};
		80A89AAD28F439CE002BD0C2 /* Debug */ = {
			isa = XCBuildConfiguration;
			buildSettings = {
				ASSETCATALOG_COMPILER_APPICON_NAME = AppIcon;
				ASSETCATALOG_COMPILER_GLOBAL_ACCENT_COLOR_NAME = AccentColor;
				CODE_SIGN_STYLE = Automatic;
				CURRENT_PROJECT_VERSION = 1;
				GENERATE_INFOPLIST_FILE = YES;
				INFOPLIST_FILE = "iOS Tutorial/Info.plist";
				INFOPLIST_KEY_UIApplicationSupportsIndirectInputEvents = YES;
				INFOPLIST_KEY_UILaunchStoryboardName = LaunchScreen;
				INFOPLIST_KEY_UIMainStoryboardFile = Main;
				INFOPLIST_KEY_UISupportedInterfaceOrientations_iPad = "UIInterfaceOrientationPortrait UIInterfaceOrientationPortraitUpsideDown UIInterfaceOrientationLandscapeLeft UIInterfaceOrientationLandscapeRight";
				INFOPLIST_KEY_UISupportedInterfaceOrientations_iPhone = "UIInterfaceOrientationPortrait UIInterfaceOrientationLandscapeLeft UIInterfaceOrientationLandscapeRight";
				LD_RUNPATH_SEARCH_PATHS = (
					"$(inherited)",
					"@executable_path/Frameworks",
				);
				MARKETING_VERSION = 1.0;
				PRODUCT_BUNDLE_IDENTIFIER = "com.hambalee.iOS-Tutorial";
				PRODUCT_NAME = "$(TARGET_NAME)";
				SWIFT_EMIT_LOC_STRINGS = YES;
				SWIFT_VERSION = 5.0;
				TARGETED_DEVICE_FAMILY = "1,2";
			};
			name = Debug;
		};
		80A89AAE28F439CE002BD0C2 /* Release */ = {
			isa = XCBuildConfiguration;
			buildSettings = {
				ASSETCATALOG_COMPILER_APPICON_NAME = AppIcon;
				ASSETCATALOG_COMPILER_GLOBAL_ACCENT_COLOR_NAME = AccentColor;
				CODE_SIGN_STYLE = Automatic;
				CURRENT_PROJECT_VERSION = 1;
				GENERATE_INFOPLIST_FILE = YES;
				INFOPLIST_FILE = "iOS Tutorial/Info.plist";
				INFOPLIST_KEY_UIApplicationSupportsIndirectInputEvents = YES;
				INFOPLIST_KEY_UILaunchStoryboardName = LaunchScreen;
				INFOPLIST_KEY_UIMainStoryboardFile = Main;
				INFOPLIST_KEY_UISupportedInterfaceOrientations_iPad = "UIInterfaceOrientationPortrait UIInterfaceOrientationPortraitUpsideDown UIInterfaceOrientationLandscapeLeft UIInterfaceOrientationLandscapeRight";
				INFOPLIST_KEY_UISupportedInterfaceOrientations_iPhone = "UIInterfaceOrientationPortrait UIInterfaceOrientationLandscapeLeft UIInterfaceOrientationLandscapeRight";
				LD_RUNPATH_SEARCH_PATHS = (
					"$(inherited)",
					"@executable_path/Frameworks",
				);
				MARKETING_VERSION = 1.0;
				PRODUCT_BUNDLE_IDENTIFIER = "com.hambalee.iOS-Tutorial";
				PRODUCT_NAME = "$(TARGET_NAME)";
				SWIFT_EMIT_LOC_STRINGS = YES;
				SWIFT_VERSION = 5.0;
				TARGETED_DEVICE_FAMILY = "1,2";
			};
			name = Release;
		};
		80A89AB028F439CE002BD0C2 /* Debug */ = {
			isa = XCBuildConfiguration;
			buildSettings = {
				ALWAYS_EMBED_SWIFT_STANDARD_LIBRARIES = YES;
				BUNDLE_LOADER = "$(TEST_HOST)";
				CODE_SIGN_STYLE = Automatic;
				CURRENT_PROJECT_VERSION = 1;
				GENERATE_INFOPLIST_FILE = YES;
				IPHONEOS_DEPLOYMENT_TARGET = 16.0;
				MARKETING_VERSION = 1.0;
				PRODUCT_BUNDLE_IDENTIFIER = "com.hambalee.iOS-TutorialTests";
				PRODUCT_NAME = "$(TARGET_NAME)";
				SWIFT_EMIT_LOC_STRINGS = NO;
				SWIFT_VERSION = 5.0;
				TARGETED_DEVICE_FAMILY = "1,2";
				TEST_HOST = "$(BUILT_PRODUCTS_DIR)/iOS Tutorial.app/$(BUNDLE_EXECUTABLE_FOLDER_PATH)/iOS Tutorial";
			};
			name = Debug;
		};
		80A89AB128F439CE002BD0C2 /* Release */ = {
			isa = XCBuildConfiguration;
			buildSettings = {
				ALWAYS_EMBED_SWIFT_STANDARD_LIBRARIES = YES;
				BUNDLE_LOADER = "$(TEST_HOST)";
				CODE_SIGN_STYLE = Automatic;
				CURRENT_PROJECT_VERSION = 1;
				GENERATE_INFOPLIST_FILE = YES;
				IPHONEOS_DEPLOYMENT_TARGET = 16.0;
				MARKETING_VERSION = 1.0;
				PRODUCT_BUNDLE_IDENTIFIER = "com.hambalee.iOS-TutorialTests";
				PRODUCT_NAME = "$(TARGET_NAME)";
				SWIFT_EMIT_LOC_STRINGS = NO;
				SWIFT_VERSION = 5.0;
				TARGETED_DEVICE_FAMILY = "1,2";
				TEST_HOST = "$(BUILT_PRODUCTS_DIR)/iOS Tutorial.app/$(BUNDLE_EXECUTABLE_FOLDER_PATH)/iOS Tutorial";
			};
			name = Release;
		};
		80A89AB328F439CE002BD0C2 /* Debug */ = {
			isa = XCBuildConfiguration;
			buildSettings = {
				ALWAYS_EMBED_SWIFT_STANDARD_LIBRARIES = YES;
				CODE_SIGN_STYLE = Automatic;
				CURRENT_PROJECT_VERSION = 1;
				GENERATE_INFOPLIST_FILE = YES;
				MARKETING_VERSION = 1.0;
				PRODUCT_BUNDLE_IDENTIFIER = "com.hambalee.iOS-TutorialUITests";
				PRODUCT_NAME = "$(TARGET_NAME)";
				SWIFT_EMIT_LOC_STRINGS = NO;
				SWIFT_VERSION = 5.0;
				TARGETED_DEVICE_FAMILY = "1,2";
				TEST_TARGET_NAME = "iOS Tutorial";
			};
			name = Debug;
		};
		80A89AB428F439CE002BD0C2 /* Release */ = {
			isa = XCBuildConfiguration;
			buildSettings = {
				ALWAYS_EMBED_SWIFT_STANDARD_LIBRARIES = YES;
				CODE_SIGN_STYLE = Automatic;
				CURRENT_PROJECT_VERSION = 1;
				GENERATE_INFOPLIST_FILE = YES;
				MARKETING_VERSION = 1.0;
				PRODUCT_BUNDLE_IDENTIFIER = "com.hambalee.iOS-TutorialUITests";
				PRODUCT_NAME = "$(TARGET_NAME)";
				SWIFT_EMIT_LOC_STRINGS = NO;
				SWIFT_VERSION = 5.0;
				TARGETED_DEVICE_FAMILY = "1,2";
				TEST_TARGET_NAME = "iOS Tutorial";
			};
			name = Release;
		};
/* End XCBuildConfiguration section */

/* Begin XCConfigurationList section */
		80A89A7D28F439CE002BD0C2 /* Build configuration list for PBXProject "iOS Tutorial" */ = {
			isa = XCConfigurationList;
			buildConfigurations = (
				80A89AAA28F439CE002BD0C2 /* Debug */,
				80A89AAB28F439CE002BD0C2 /* Release */,
			);
			defaultConfigurationIsVisible = 0;
			defaultConfigurationName = Release;
		};
		80A89AAC28F439CE002BD0C2 /* Build configuration list for PBXNativeTarget "iOS Tutorial" */ = {
			isa = XCConfigurationList;
			buildConfigurations = (
				80A89AAD28F439CE002BD0C2 /* Debug */,
				80A89AAE28F439CE002BD0C2 /* Release */,
			);
			defaultConfigurationIsVisible = 0;
			defaultConfigurationName = Release;
		};
		80A89AAF28F439CE002BD0C2 /* Build configuration list for PBXNativeTarget "iOS TutorialTests" */ = {
			isa = XCConfigurationList;
			buildConfigurations = (
				80A89AB028F439CE002BD0C2 /* Debug */,
				80A89AB128F439CE002BD0C2 /* Release */,
			);
			defaultConfigurationIsVisible = 0;
			defaultConfigurationName = Release;
		};
		80A89AB228F439CE002BD0C2 /* Build configuration list for PBXNativeTarget "iOS TutorialUITests" */ = {
			isa = XCConfigurationList;
			buildConfigurations = (
				80A89AB328F439CE002BD0C2 /* Debug */,
				80A89AB428F439CE002BD0C2 /* Release */,
			);
			defaultConfigurationIsVisible = 0;
			defaultConfigurationName = Release;
		};
/* End XCConfigurationList section */
	};
	rootObject = 80A89A7A28F439CE002BD0C2 /* Project object */;
}
